// !$*UTF8*$!
{
	archiveVersion = 1;
	classes = {
	};
	objectVersion = 50;
	objects = {

/* Begin PBXBuildFile section */
		45F6EAFE24F8213A008AE3C0 /* ImportExportApp.swift in Sources */ = {isa = PBXBuildFile; fileRef = 45F6EAEB24F82138008AE3C0 /* ImportExportApp.swift */; };
		45F6EAFF24F8213A008AE3C0 /* ImportExportApp.swift in Sources */ = {isa = PBXBuildFile; fileRef = 45F6EAEB24F82138008AE3C0 /* ImportExportApp.swift */; };
		45F6EB0024F8213A008AE3C0 /* MobileView.swift in Sources */ = {isa = PBXBuildFile; fileRef = 45F6EAEC24F82138008AE3C0 /* MobileView.swift */; };
		45F6EB0224F8213A008AE3C0 /* Assets.xcassets in Resources */ = {isa = PBXBuildFile; fileRef = 45F6EAED24F8213A008AE3C0 /* Assets.xcassets */; };
		45F6EB0324F8213A008AE3C0 /* Assets.xcassets in Resources */ = {isa = PBXBuildFile; fileRef = 45F6EAED24F8213A008AE3C0 /* Assets.xcassets */; };
		45F6EB1024F8259E008AE3C0 /* MessageDocument.swift in Sources */ = {isa = PBXBuildFile; fileRef = 45F6EB0F24F8259E008AE3C0 /* MessageDocument.swift */; };
		45F6EB1124F8259E008AE3C0 /* MessageDocument.swift in Sources */ = {isa = PBXBuildFile; fileRef = 45F6EB0F24F8259E008AE3C0 /* MessageDocument.swift */; };
		45F6EB1324F82CC5008AE3C0 /* DesktopView.swift in Sources */ = {isa = PBXBuildFile; fileRef = 45F6EB1224F82CC5008AE3C0 /* DesktopView.swift */; };
/* End PBXBuildFile section */

/* Begin PBXFileReference section */
		45F6EAEB24F82138008AE3C0 /* ImportExportApp.swift */ = {isa = PBXFileReference; lastKnownFileType = sourcecode.swift; path = ImportExportApp.swift; sourceTree = "<group>"; };
		45F6EAEC24F82138008AE3C0 /* MobileView.swift */ = {isa = PBXFileReference; lastKnownFileType = sourcecode.swift; path = MobileView.swift; sourceTree = "<group>"; };
		45F6EAED24F8213A008AE3C0 /* Assets.xcassets */ = {isa = PBXFileReference; lastKnownFileType = folder.assetcatalog; path = Assets.xcassets; sourceTree = "<group>"; };
		45F6EAF224F8213A008AE3C0 /* ImportExport.app */ = {isa = PBXFileReference; explicitFileType = wrapper.application; includeInIndex = 0; path = ImportExport.app; sourceTree = BUILT_PRODUCTS_DIR; };
		45F6EAF524F8213A008AE3C0 /* Info.plist */ = {isa = PBXFileReference; lastKnownFileType = text.plist.xml; path = Info.plist; sourceTree = "<group>"; };
		45F6EAFA24F8213A008AE3C0 /* ImportExport.app */ = {isa = PBXFileReference; explicitFileType = wrapper.application; includeInIndex = 0; path = ImportExport.app; sourceTree = BUILT_PRODUCTS_DIR; };
		45F6EAFC24F8213A008AE3C0 /* Info.plist */ = {isa = PBXFileReference; lastKnownFileType = text.plist.xml; path = Info.plist; sourceTree = "<group>"; };
		45F6EAFD24F8213A008AE3C0 /* macOS.entitlements */ = {isa = PBXFileReference; lastKnownFileType = text.plist.entitlements; path = macOS.entitlements; sourceTree = "<group>"; };
		45F6EB0F24F8259E008AE3C0 /* MessageDocument.swift */ = {isa = PBXFileReference; lastKnownFileType = sourcecode.swift; path = MessageDocument.swift; sourceTree = "<group>"; };
		45F6EB1224F82CC5008AE3C0 /* DesktopView.swift */ = {isa = PBXFileReference; lastKnownFileType = sourcecode.swift; path = DesktopView.swift; sourceTree = "<group>"; };
/* End PBXFileReference section */

/* Begin PBXFrameworksBuildPhase section */
		45F6EAEF24F8213A008AE3C0 /* Frameworks */ = {
			isa = PBXFrameworksBuildPhase;
			buildActionMask = 2147483647;
			files = (
			);
			runOnlyForDeploymentPostprocessing = 0;
		};
		45F6EAF724F8213A008AE3C0 /* Frameworks */ = {
			isa = PBXFrameworksBuildPhase;
			buildActionMask = 2147483647;
			files = (
			);
			runOnlyForDeploymentPostprocessing = 0;
		};
/* End PBXFrameworksBuildPhase section */

/* Begin PBXGroup section */
		45F6EAE524F82138008AE3C0 = {
			isa = PBXGroup;
			children = (
				45F6EAEA24F82138008AE3C0 /* Shared */,
				45F6EAF424F8213A008AE3C0 /* iOS */,
				45F6EAFB24F8213A008AE3C0 /* macOS */,
				45F6EAF324F8213A008AE3C0 /* Products */,
			);
			sourceTree = "<group>";
		};
		45F6EAEA24F82138008AE3C0 /* Shared */ = {
			isa = PBXGroup;
			children = (
				45F6EB0E24F8258C008AE3C0 /* Documents */,
				45F6EAEB24F82138008AE3C0 /* ImportExportApp.swift */,
				45F6EB0C24F8214E008AE3C0 /* Supporting Files */,
				45F6EB0D24F821D8008AE3C0 /* Views */,
			);
			path = Shared;
			sourceTree = "<group>";
		};
		45F6EAF324F8213A008AE3C0 /* Products */ = {
			isa = PBXGroup;
			children = (
				45F6EAF224F8213A008AE3C0 /* ImportExport.app */,
				45F6EAFA24F8213A008AE3C0 /* ImportExport.app */,
			);
			name = Products;
			sourceTree = "<group>";
		};
		45F6EAF424F8213A008AE3C0 /* iOS */ = {
			isa = PBXGroup;
			children = (
				45F6EAF524F8213A008AE3C0 /* Info.plist */,
			);
			path = iOS;
			sourceTree = "<group>";
		};
		45F6EAFB24F8213A008AE3C0 /* macOS */ = {
			isa = PBXGroup;
			children = (
				45F6EAFC24F8213A008AE3C0 /* Info.plist */,
				45F6EAFD24F8213A008AE3C0 /* macOS.entitlements */,
			);
			path = macOS;
			sourceTree = "<group>";
		};
		45F6EB0C24F8214E008AE3C0 /* Supporting Files */ = {
			isa = PBXGroup;
			children = (
				45F6EAED24F8213A008AE3C0 /* Assets.xcassets */,
			);
			name = "Supporting Files";
			sourceTree = "<group>";
		};
		45F6EB0D24F821D8008AE3C0 /* Views */ = {
			isa = PBXGroup;
			children = (
				45F6EAEC24F82138008AE3C0 /* MobileView.swift */,
				45F6EB1224F82CC5008AE3C0 /* DesktopView.swift */,
			);
			name = Views;
			sourceTree = "<group>";
		};
		45F6EB0E24F8258C008AE3C0 /* Documents */ = {
			isa = PBXGroup;
			children = (
				45F6EB0F24F8259E008AE3C0 /* MessageDocument.swift */,
			);
			name = Documents;
			sourceTree = "<group>";
		};
/* End PBXGroup section */

/* Begin PBXNativeTarget section */
		45F6EAF124F8213A008AE3C0 /* ImportExport (iOS) */ = {
			isa = PBXNativeTarget;
			buildConfigurationList = 45F6EB0624F8213A008AE3C0 /* Build configuration list for PBXNativeTarget "ImportExport (iOS)" */;
			buildPhases = (
				45F6EAEE24F8213A008AE3C0 /* Sources */,
				45F6EAEF24F8213A008AE3C0 /* Frameworks */,
				45F6EAF024F8213A008AE3C0 /* Resources */,
			);
			buildRules = (
			);
			dependencies = (
			);
			name = "ImportExport (iOS)";
			productName = "ImportExport (iOS)";
			productReference = 45F6EAF224F8213A008AE3C0 /* ImportExport.app */;
			productType = "com.apple.product-type.application";
		};
		45F6EAF924F8213A008AE3C0 /* ImportExport (macOS) */ = {
			isa = PBXNativeTarget;
			buildConfigurationList = 45F6EB0924F8213A008AE3C0 /* Build configuration list for PBXNativeTarget "ImportExport (macOS)" */;
			buildPhases = (
				45F6EAF624F8213A008AE3C0 /* Sources */,
				45F6EAF724F8213A008AE3C0 /* Frameworks */,
				45F6EAF824F8213A008AE3C0 /* Resources */,
			);
			buildRules = (
			);
			dependencies = (
			);
			name = "ImportExport (macOS)";
			productName = "ImportExport (macOS)";
			productReference = 45F6EAFA24F8213A008AE3C0 /* ImportExport.app */;
			productType = "com.apple.product-type.application";
		};
/* End PBXNativeTarget section */

/* Begin PBXProject section */
		45F6EAE624F82138008AE3C0 /* Project object */ = {
			isa = PBXProject;
			attributes = {
				LastSwiftUpdateCheck = 1200;
				LastUpgradeCheck = 1200;
				TargetAttributes = {
					45F6EAF124F8213A008AE3C0 = {
						CreatedOnToolsVersion = 12.0;
					};
					45F6EAF924F8213A008AE3C0 = {
						CreatedOnToolsVersion = 12.0;
					};
				};
			};
			buildConfigurationList = 45F6EAE924F82138008AE3C0 /* Build configuration list for PBXProject "ImportExport" */;
			compatibilityVersion = "Xcode 9.3";
			developmentRegion = en;
			hasScannedForEncodings = 0;
			knownRegions = (
				en,
				Base,
			);
			mainGroup = 45F6EAE524F82138008AE3C0;
			productRefGroup = 45F6EAF324F8213A008AE3C0 /* Products */;
			projectDirPath = "";
			projectRoot = "";
			targets = (
				45F6EAF124F8213A008AE3C0 /* ImportExport (iOS) */,
				45F6EAF924F8213A008AE3C0 /* ImportExport (macOS) */,
			);
		};
/* End PBXProject section */

/* Begin PBXResourcesBuildPhase section */
		45F6EAF024F8213A008AE3C0 /* Resources */ = {
			isa = PBXResourcesBuildPhase;
			buildActionMask = 2147483647;
			files = (
				45F6EB0224F8213A008AE3C0 /* Assets.xcassets in Resources */,
			);
			runOnlyForDeploymentPostprocessing = 0;
		};
		45F6EAF824F8213A008AE3C0 /* Resources */ = {
			isa = PBXResourcesBuildPhase;
			buildActionMask = 2147483647;
			files = (
				45F6EB0324F8213A008AE3C0 /* Assets.xcassets in Resources */,
			);
			runOnlyForDeploymentPostprocessing = 0;
		};
/* End PBXResourcesBuildPhase section */

/* Begin PBXSourcesBuildPhase section */
		45F6EAEE24F8213A008AE3C0 /* Sources */ = {
			isa = PBXSourcesBuildPhase;
			buildActionMask = 2147483647;
			files = (
				45F6EB0024F8213A008AE3C0 /* MobileView.swift in Sources */,
				45F6EB1024F8259E008AE3C0 /* MessageDocument.swift in Sources */,
				45F6EAFE24F8213A008AE3C0 /* ImportExportApp.swift in Sources */,
			);
			runOnlyForDeploymentPostprocessing = 0;
		};
		45F6EAF624F8213A008AE3C0 /* Sources */ = {
			isa = PBXSourcesBuildPhase;
			buildActionMask = 2147483647;
			files = (
				45F6EB1124F8259E008AE3C0 /* MessageDocument.swift in Sources */,
				45F6EB1324F82CC5008AE3C0 /* DesktopView.swift in Sources */,
				45F6EAFF24F8213A008AE3C0 /* ImportExportApp.swift in Sources */,
			);
			runOnlyForDeploymentPostprocessing = 0;
		};
/* End PBXSourcesBuildPhase section */

/* Begin XCBuildConfiguration section */
		45F6EB0424F8213A008AE3C0 /* Debug */ = {
			isa = XCBuildConfiguration;
			buildSettings = {
				ALWAYS_SEARCH_USER_PATHS = NO;
				CLANG_ANALYZER_NONNULL = YES;
				CLANG_ANALYZER_NUMBER_OBJECT_CONVERSION = YES_AGGRESSIVE;
				CLANG_CXX_LANGUAGE_STANDARD = "gnu++14";
				CLANG_CXX_LIBRARY = "libc++";
				CLANG_ENABLE_MODULES = YES;
				CLANG_ENABLE_OBJC_ARC = YES;
				CLANG_ENABLE_OBJC_WEAK = YES;
				CLANG_WARN_BLOCK_CAPTURE_AUTORELEASING = YES;
				CLANG_WARN_BOOL_CONVERSION = YES;
				CLANG_WARN_COMMA = YES;
				CLANG_WARN_CONSTANT_CONVERSION = YES;
				CLANG_WARN_DEPRECATED_OBJC_IMPLEMENTATIONS = YES;
				CLANG_WARN_DIRECT_OBJC_ISA_USAGE = YES_ERROR;
				CLANG_WARN_DOCUMENTATION_COMMENTS = YES;
				CLANG_WARN_EMPTY_BODY = YES;
				CLANG_WARN_ENUM_CONVERSION = YES;
				CLANG_WARN_INFINITE_RECURSION = YES;
				CLANG_WARN_INT_CONVERSION = YES;
				CLANG_WARN_NON_LITERAL_NULL_CONVERSION = YES;
				CLANG_WARN_OBJC_IMPLICIT_RETAIN_SELF = YES;
				CLANG_WARN_OBJC_LITERAL_CONVERSION = YES;
				CLANG_WARN_OBJC_ROOT_CLASS = YES_ERROR;
				CLANG_WARN_QUOTED_INCLUDE_IN_FRAMEWORK_HEADER = YES;
				CLANG_WARN_RANGE_LOOP_ANALYSIS = YES;
				CLANG_WARN_STRICT_PROTOTYPES = YES;
				CLANG_WARN_SUSPICIOUS_MOVE = YES;
				CLANG_WARN_UNGUARDED_AVAILABILITY = YES_AGGRESSIVE;
				CLANG_WARN_UNREACHABLE_CODE = YES;
				CLANG_WARN__DUPLICATE_METHOD_MATCH = YES;
				COPY_PHASE_STRIP = NO;
				DEBUG_INFORMATION_FORMAT = dwarf;
				ENABLE_STRICT_OBJC_MSGSEND = YES;
				ENABLE_TESTABILITY = YES;
				GCC_C_LANGUAGE_STANDARD = gnu11;
				GCC_DYNAMIC_NO_PIC = NO;
				GCC_NO_COMMON_BLOCKS = YES;
				GCC_OPTIMIZATION_LEVEL = 0;
				GCC_PREPROCESSOR_DEFINITIONS = (
					"DEBUG=1",
					"$(inherited)",
				);
				GCC_WARN_64_TO_32_BIT_CONVERSION = YES;
				GCC_WARN_ABOUT_RETURN_TYPE = YES_ERROR;
				GCC_WARN_UNDECLARED_SELECTOR = YES;
				GCC_WARN_UNINITIALIZED_AUTOS = YES_AGGRESSIVE;
				GCC_WARN_UNUSED_FUNCTION = YES;
				GCC_WARN_UNUSED_VARIABLE = YES;
				MTL_ENABLE_DEBUG_INFO = INCLUDE_SOURCE;
				MTL_FAST_MATH = YES;
				ONLY_ACTIVE_ARCH = YES;
				SWIFT_ACTIVE_COMPILATION_CONDITIONS = DEBUG;
				SWIFT_OPTIMIZATION_LEVEL = "-Onone";
			};
			name = Debug;
		};
		45F6EB0524F8213A008AE3C0 /* Release */ = {
			isa = XCBuildConfiguration;
			buildSettings = {
				ALWAYS_SEARCH_USER_PATHS = NO;
				CLANG_ANALYZER_NONNULL = YES;
				CLANG_ANALYZER_NUMBER_OBJECT_CONVERSION = YES_AGGRESSIVE;
				CLANG_CXX_LANGUAGE_STANDARD = "gnu++14";
				CLANG_CXX_LIBRARY = "libc++";
				CLANG_ENABLE_MODULES = YES;
				CLANG_ENABLE_OBJC_ARC = YES;
				CLANG_ENABLE_OBJC_WEAK = YES;
				CLANG_WARN_BLOCK_CAPTURE_AUTORELEASING = YES;
				CLANG_WARN_BOOL_CONVERSION = YES;
				CLANG_WARN_COMMA = YES;
				CLANG_WARN_CONSTANT_CONVERSION = YES;
				CLANG_WARN_DEPRECATED_OBJC_IMPLEMENTATIONS = YES;
				CLANG_WARN_DIRECT_OBJC_ISA_USAGE = YES_ERROR;
				CLANG_WARN_DOCUMENTATION_COMMENTS = YES;
				CLANG_WARN_EMPTY_BODY = YES;
				CLANG_WARN_ENUM_CONVERSION = YES;
				CLANG_WARN_INFINITE_RECURSION = YES;
				CLANG_WARN_INT_CONVERSION = YES;
				CLANG_WARN_NON_LITERAL_NULL_CONVERSION = YES;
				CLANG_WARN_OBJC_IMPLICIT_RETAIN_SELF = YES;
				CLANG_WARN_OBJC_LITERAL_CONVERSION = YES;
				CLANG_WARN_OBJC_ROOT_CLASS = YES_ERROR;
				CLANG_WARN_QUOTED_INCLUDE_IN_FRAMEWORK_HEADER = YES;
				CLANG_WARN_RANGE_LOOP_ANALYSIS = YES;
				CLANG_WARN_STRICT_PROTOTYPES = YES;
				CLANG_WARN_SUSPICIOUS_MOVE = YES;
				CLANG_WARN_UNGUARDED_AVAILABILITY = YES_AGGRESSIVE;
				CLANG_WARN_UNREACHABLE_CODE = YES;
				CLANG_WARN__DUPLICATE_METHOD_MATCH = YES;
				COPY_PHASE_STRIP = NO;
				DEBUG_INFORMATION_FORMAT = "dwarf-with-dsym";
				ENABLE_NS_ASSERTIONS = NO;
				ENABLE_STRICT_OBJC_MSGSEND = YES;
				GCC_C_LANGUAGE_STANDARD = gnu11;
				GCC_NO_COMMON_BLOCKS = YES;
				GCC_WARN_64_TO_32_BIT_CONVERSION = YES;
				GCC_WARN_ABOUT_RETURN_TYPE = YES_ERROR;
				GCC_WARN_UNDECLARED_SELECTOR = YES;
				GCC_WARN_UNINITIALIZED_AUTOS = YES_AGGRESSIVE;
				GCC_WARN_UNUSED_FUNCTION = YES;
				GCC_WARN_UNUSED_VARIABLE = YES;
				MTL_ENABLE_DEBUG_INFO = NO;
				MTL_FAST_MATH = YES;
				SWIFT_COMPILATION_MODE = wholemodule;
				SWIFT_OPTIMIZATION_LEVEL = "-O";
			};
			name = Release;
		};
		45F6EB0724F8213A008AE3C0 /* Debug */ = {
			isa = XCBuildConfiguration;
			buildSettings = {
				ASSETCATALOG_COMPILER_APPICON_NAME = AppIcon;
				ASSETCATALOG_COMPILER_GLOBAL_ACCENT_COLOR_NAME = AccentColor;
				CODE_SIGN_STYLE = Automatic;
				DEVELOPMENT_TEAM = RLF8EEWY2Z;
				ENABLE_PREVIEWS = YES;
				INFOPLIST_FILE = iOS/Info.plist;
				IPHONEOS_DEPLOYMENT_TARGET = 14.0;
				LD_RUNPATH_SEARCH_PATHS = (
					"$(inherited)",
					"@executable_path/Frameworks",
				);
				MARKETING_VERSION = 1.0.0;
				PRODUCT_BUNDLE_IDENTIFIER = com.acwrightdesign.ImportExport;
				PRODUCT_NAME = ImportExport;
				SDKROOT = iphoneos;
				SWIFT_VERSION = 5.0;
				TARGETED_DEVICE_FAMILY = "1,2";
			};
			name = Debug;
		};
		45F6EB0824F8213A008AE3C0 /* Release */ = {
			isa = XCBuildConfiguration;
			buildSettings = {
				ASSETCATALOG_COMPILER_APPICON_NAME = AppIcon;
				ASSETCATALOG_COMPILER_GLOBAL_ACCENT_COLOR_NAME = AccentColor;
				CODE_SIGN_STYLE = Automatic;
				DEVELOPMENT_TEAM = RLF8EEWY2Z;
				ENABLE_PREVIEWS = YES;
				INFOPLIST_FILE = iOS/Info.plist;
				IPHONEOS_DEPLOYMENT_TARGET = 14.0;
				LD_RUNPATH_SEARCH_PATHS = (
					"$(inherited)",
					"@executable_path/Frameworks",
				);
				MARKETING_VERSION = 1.0.0;
				PRODUCT_BUNDLE_IDENTIFIER = com.acwrightdesign.ImportExport;
				PRODUCT_NAME = ImportExport;
				SDKROOT = iphoneos;
				SWIFT_VERSION = 5.0;
				TARGETED_DEVICE_FAMILY = "1,2";
				VALIDATE_PRODUCT = YES;
			};
			name = Release;
		};
		45F6EB0A24F8213A008AE3C0 /* Debug */ = {
			isa = XCBuildConfiguration;
			buildSettings = {
				ASSETCATALOG_COMPILER_APPICON_NAME = AppIcon;
				ASSETCATALOG_COMPILER_GLOBAL_ACCENT_COLOR_NAME = AccentColor;
				CODE_SIGN_ENTITLEMENTS = macOS/macOS.entitlements;
				CODE_SIGN_STYLE = Automatic;
				COMBINE_HIDPI_IMAGES = YES;
				DEVELOPMENT_TEAM = RLF8EEWY2Z;
				ENABLE_HARDENED_RUNTIME = YES;
				ENABLE_PREVIEWS = YES;
				INFOPLIST_FILE = macOS/Info.plist;
				LD_RUNPATH_SEARCH_PATHS = (
					"$(inherited)",
					"@executable_path/../Frameworks",
				);
				MACOSX_DEPLOYMENT_TARGET = 11.0;
				MARKETING_VERSION = 1.0.0;
				PRODUCT_BUNDLE_IDENTIFIER = com.acwrightdesign.ImportExport;
				PRODUCT_NAME = ImportExport;
				SDKROOT = macosx;
				SWIFT_VERSION = 5.0;
			};
			name = Debug;
		};
		45F6EB0B24F8213A008AE3C0 /* Release */ = {
			isa = XCBuildConfiguration;
			buildSettings = {
				ASSETCATALOG_COMPILER_APPICON_NAME = AppIcon;
				ASSETCATALOG_COMPILER_GLOBAL_ACCENT_COLOR_NAME = AccentColor;
				CODE_SIGN_ENTITLEMENTS = macOS/macOS.entitlements;
				CODE_SIGN_STYLE = Automatic;
				COMBINE_HIDPI_IMAGES = YES;
				DEVELOPMENT_TEAM = RLF8EEWY2Z;
				ENABLE_HARDENED_RUNTIME = YES;
				ENABLE_PREVIEWS = YES;
				INFOPLIST_FILE = macOS/Info.plist;
				LD_RUNPATH_SEARCH_PATHS = (
					"$(inherited)",
					"@executable_path/../Frameworks",
				);
				MACOSX_DEPLOYMENT_TARGET = 11.0;
				MARKETING_VERSION = 1.0.0;
				PRODUCT_BUNDLE_IDENTIFIER = com.acwrightdesign.ImportExport;
				PRODUCT_NAME = ImportExport;
				SDKROOT = macosx;
				SWIFT_VERSION = 5.0;
			};
			name = Release;
		};
/* End XCBuildConfiguration section */

/* Begin XCConfigurationList section */
		45F6EAE924F82138008AE3C0 /* Build configuration list for PBXProject "ImportExport" */ = {
			isa = XCConfigurationList;
			buildConfigurations = (
				45F6EB0424F8213A008AE3C0 /* Debug */,
				45F6EB0524F8213A008AE3C0 /* Release */,
			);
			defaultConfigurationIsVisible = 0;
			defaultConfigurationName = Release;
		};
		45F6EB0624F8213A008AE3C0 /* Build configuration list for PBXNativeTarget "ImportExport (iOS)" */ = {
			isa = XCConfigurationList;
			buildConfigurations = (
				45F6EB0724F8213A008AE3C0 /* Debug */,
				45F6EB0824F8213A008AE3C0 /* Release */,
			);
			defaultConfigurationIsVisible = 0;
			defaultConfigurationName = Release;
		};
		45F6EB0924F8213A008AE3C0 /* Build configuration list for PBXNativeTarget "ImportExport (macOS)" */ = {
			isa = XCConfigurationList;
			buildConfigurations = (
				45F6EB0A24F8213A008AE3C0 /* Debug */,
				45F6EB0B24F8213A008AE3C0 /* Release */,
			);
			defaultConfigurationIsVisible = 0;
			defaultConfigurationName = Release;
		};
/* End XCConfigurationList section */
	};
	rootObject = 45F6EAE624F82138008AE3C0 /* Project object */;
}
